PODS:
  - UINavigationController+InteractivePush (0.1.0)

DEPENDENCIES:
  - UINavigationController+InteractivePush (from `../`)

EXTERNAL SOURCES:
  UINavigationController+InteractivePush:
    :path: "../"

SPEC CHECKSUMS:
  UINavigationController+InteractivePush: 90e5e68833d1f57c6bb307cf5806f396dc1f786b

PODFILE CHECKSUM: bd580c25c884b4c9b19806e54b2066eedb3f23d7

COCOAPODS: 1.1.1
